
Microsoft Visual Studio Solution File, Format Version 12.00
# Visual Studio Version 17
VisualStudioVersion = 17.2.32630.192
MinimumVisualStudioVersion = 10.0.40219.1
Project("{9A19103F-16F7-4668-BE54-9A1E7A4F7556}") = "RayTracerChallenge", "RayTracerChallenge\RayTracerChallenge.csproj", "{205289C3-E608-43D2-9B4F-0367B329E5A1}"
EndProject
Project("{9A19103F-16F7-4668-BE54-9A1E7A4F7556}") = "RayTracerChallengeTest", "RayTacerChallengeTest\RayTracerChallengeTest.csproj", "{A595326D-ED70-4DBF-BFA8-FC7A230ABED3}"
EndProject
Project("{2150E333-8FDC-42A3-9474-1A3956D46DE8}") = "Solution Items", "Solution Items", "{67AF98FA-EB62-4295-BB10-EF1DE8793EA8}"
	ProjectSection(SolutionItems) = preProject
		.editorconfig = .editorconfig
	EndProjectSection
EndProject
Global
	GlobalSection(SolutionConfigurationPlatforms) = preSolution
		Debug|Any CPU = Debug|Any CPU
		Release|Any CPU = Release|Any CPU
	EndGlobalSection
	GlobalSection(ProjectConfigurationPlatforms) = postSolution
		{205289C3-E608-43D2-9B4F-0367B329E5A1}.Debug|Any CPU.ActiveCfg = Debug|Any CPU
		{205289C3-E608-43D2-9B4F-0367B329E5A1}.Debug|Any CPU.Build.0 = Debug|Any CPU
		{205289C3-E608-43D2-9B4F-0367B329E5A1}.Release|Any CPU.ActiveCfg = Release|Any CPU
		{205289C3-E608-43D2-9B4F-0367B329E5A1}.Release|Any CPU.Build.0 = Release|Any CPU
		{A595326D-ED70-4DBF-BFA8-FC7A230ABED3}.Debug|Any CPU.ActiveCfg = Debug|Any CPU
		{A595326D-ED70-4DBF-BFA8-FC7A230ABED3}.Debug|Any CPU.Build.0 = Debug|Any CPU
		{A595326D-ED70-4DBF-BFA8-FC7A230ABED3}.Release|Any CPU.ActiveCfg = Release|Any CPU
		{A595326D-ED70-4DBF-BFA8-FC7A230ABED3}.Release|Any CPU.Build.0 = Release|Any CPU
	EndGlobalSection
	GlobalSection(SolutionProperties) = preSolution
		HideSolutionNode = FALSE
	EndGlobalSection
	GlobalSection(ExtensibilityGlobals) = postSolution
		SolutionGuid = {77F5E838-E8DC-44DB-870A-875038CF51F2}
	EndGlobalSection
EndGlobal
